// !$*UTF8*$!
{
	archiveVersion = 1;
	classes = {
	};
	objectVersion = 46;
	objects = {

/* Begin PBXBuildFile section */
		962B8ABE1E92B51C00F0F748 /* Emoji.swift in Sources */ = {isa = PBXBuildFile; fileRef = 962B8ABD1E92B51C00F0F748 /* Emoji.swift */; };
		9633E5141E6F316E0061A61B /* AppDelegate.swift in Sources */ = {isa = PBXBuildFile; fileRef = 9633E5131E6F316E0061A61B /* AppDelegate.swift */; };
		9633E5161E6F316E0061A61B /* ViewController.swift in Sources */ = {isa = PBXBuildFile; fileRef = 9633E5151E6F316E0061A61B /* ViewController.swift */; };
		9633E5191E6F316E0061A61B /* Main.storyboard in Resources */ = {isa = PBXBuildFile; fileRef = 9633E5171E6F316E0061A61B /* Main.storyboard */; };
		9633E51B1E6F316E0061A61B /* Assets.xcassets in Resources */ = {isa = PBXBuildFile; fileRef = 9633E51A1E6F316E0061A61B /* Assets.xcassets */; };
		9633E51E1E6F316E0061A61B /* LaunchScreen.storyboard in Resources */ = {isa = PBXBuildFile; fileRef = 9633E51C1E6F316E0061A61B /* LaunchScreen.storyboard */; };
		96FC35E71E77057800F4AF4C /* DefinitionViewController.swift in Sources */ = {isa = PBXBuildFile; fileRef = 96FC35E61E77057800F4AF4C /* DefinitionViewController.swift */; };
/* End PBXBuildFile section */

/* Begin PBXFileReference section */
		962B8ABD1E92B51C00F0F748 /* Emoji.swift */ = {isa = PBXFileReference; fileEncoding = 4; lastKnownFileType = sourcecode.swift; path = Emoji.swift; sourceTree = "<group>"; };
		9633E5101E6F316E0061A61B /* Emoji Dictionary.app */ = {isa = PBXFileReference; explicitFileType = wrapper.application; includeInIndex = 0; path = "Emoji Dictionary.app"; sourceTree = BUILT_PRODUCTS_DIR; };
		9633E5131E6F316E0061A61B /* AppDelegate.swift */ = {isa = PBXFileReference; lastKnownFileType = sourcecode.swift; path = AppDelegate.swift; sourceTree = "<group>"; };
		9633E5151E6F316E0061A61B /* ViewController.swift */ = {isa = PBXFileReference; lastKnownFileType = sourcecode.swift; path = ViewController.swift; sourceTree = "<group>"; };
		9633E5181E6F316E0061A61B /* Base */ = {isa = PBXFileReference; lastKnownFileType = file.storyboard; name = Base; path = Base.lproj/Main.storyboard; sourceTree = "<group>"; };
		9633E51A1E6F316E0061A61B /* Assets.xcassets */ = {isa = PBXFileReference; lastKnownFileType = folder.assetcatalog; path = Assets.xcassets; sourceTree = "<group>"; };
		9633E51D1E6F316E0061A61B /* Base */ = {isa = PBXFileReference; lastKnownFileType = file.storyboard; name = Base; path = Base.lproj/LaunchScreen.storyboard; sourceTree = "<group>"; };
		9633E51F1E6F316E0061A61B /* Info.plist */ = {isa = PBXFileReference; lastKnownFileType = text.plist.xml; path = Info.plist; sourceTree = "<group>"; };
		96FC35E61E77057800F4AF4C /* DefinitionViewController.swift */ = {isa = PBXFileReference; fileEncoding = 4; lastKnownFileType = sourcecode.swift; path = DefinitionViewController.swift; sourceTree = "<group>"; };
/* End PBXFileReference section */

/* Begin PBXFrameworksBuildPhase section */
		9633E50D1E6F316E0061A61B /* Frameworks */ = {
			isa = PBXFrameworksBuildPhase;
			buildActionMask = 2147483647;
			files = (
			);
			runOnlyForDeploymentPostprocessing = 0;
		};
/* End PBXFrameworksBuildPhase section */

/* Begin PBXGroup section */
		9633E5071E6F316E0061A61B = {
			isa = PBXGroup;
			children = (
				9633E5121E6F316E0061A61B /* Emoji Dictionary */,
				9633E5111E6F316E0061A61B /* Products */,
			);
			sourceTree = "<group>";
		};
		9633E5111E6F316E0061A61B /* Products */ = {
			isa = PBXGroup;
			children = (
				9633E5101E6F316E0061A61B /* Emoji Dictionary.app */,
			);
			name = Products;
			sourceTree = "<group>";
		};
		9633E5121E6F316E0061A61B /* Emoji Dictionary */ = {
			isa = PBXGroup;
			children = (
				9633E5131E6F316E0061A61B /* AppDelegate.swift */,
				9633E5151E6F316E0061A61B /* ViewController.swift */,
				96FC35E61E77057800F4AF4C /* DefinitionViewController.swift */,
				962B8ABD1E92B51C00F0F748 /* Emoji.swift */,
				9633E5171E6F316E0061A61B /* Main.storyboard */,
				9633E51A1E6F316E0061A61B /* Assets.xcassets */,
				9633E51C1E6F316E0061A61B /* LaunchScreen.storyboard */,
				9633E51F1E6F316E0061A61B /* Info.plist */,
			);
			path = "Emoji Dictionary";
			sourceTree = "<group>";
		};
/* End PBXGroup section */

/* Begin PBXNativeTarget section */
		9633E50F1E6F316E0061A61B /* Emoji Dictionary */ = {
			isa = PBXNativeTarget;
			buildConfigurationList = 9633E5221E6F316E0061A61B /* Build configuration list for PBXNativeTarget "Emoji Dictionary" */;
			buildPhases = (
				9633E50C1E6F316E0061A61B /* Sources */,
				9633E50D1E6F316E0061A61B /* Frameworks */,
				9633E50E1E6F316E0061A61B /* Resources */,
			);
			buildRules = (
			);
			dependencies = (
			);
			name = "Emoji Dictionary";
			productName = "Emoji Dictionary";
			productReference = 9633E5101E6F316E0061A61B /* Emoji Dictionary.app */;
			productType = "com.apple.product-type.application";
		};
/* End PBXNativeTarget section */

/* Begin PBXProject section */
		9633E5081E6F316E0061A61B /* Project object */ = {
			isa = PBXProject;
			attributes = {
				LastSwiftUpdateCheck = 0820;
				LastUpgradeCheck = 0820;
				ORGANIZATIONNAME = "Beautiful Anomaly";
				TargetAttributes = {
					9633E50F1E6F316E0061A61B = {
						CreatedOnToolsVersion = 8.2.1;
						ProvisioningStyle = Automatic;
					};
				};
			};
			buildConfigurationList = 9633E50B1E6F316E0061A61B /* Build configuration list for PBXProject "Emoji Dictionary" */;
			compatibilityVersion = "Xcode 3.2";
			developmentRegion = English;
			hasScannedForEncodings = 0;
			knownRegions = (
				en,
				Base,
			);
			mainGroup = 9633E5071E6F316E0061A61B;
			productRefGroup = 9633E5111E6F316E0061A61B /* Products */;
			projectDirPath = "";
			projectRoot = "";
			targets = (
				9633E50F1E6F316E0061A61B /* Emoji Dictionary */,
			);
		};
/* End PBXProject section */

/* Begin PBXResourcesBuildPhase section */
		9633E50E1E6F316E0061A61B /* Resources */ = {
			isa = PBXResourcesBuildPhase;
			buildActionMask = 2147483647;
			files = (
				9633E51E1E6F316E0061A61B /* LaunchScreen.storyboard in Resources */,
				9633E51B1E6F316E0061A61B /* Assets.xcassets in Resources */,
				9633E5191E6F316E0061A61B /* Main.storyboard in Resources */,
			);
			runOnlyForDeploymentPostprocessing = 0;
		};
/* End PBXResourcesBuildPhase section */

/* Begin PBXSourcesBuildPhase section */
		9633E50C1E6F316E0061A61B /* Sources */ = {
			isa = PBXSourcesBuildPhase;
			buildActionMask = 2147483647;
			files = (
				9633E5161E6F316E0061A61B /* ViewController.swift in Sources */,
				96FC35E71E77057800F4AF4C /* DefinitionViewController.swift in Sources */,
				962B8ABE1E92B51C00F0F748 /* Emoji.swift in Sources */,
				9633E5141E6F316E0061A61B /* AppDelegate.swift in Sources */,
			);
			runOnlyForDeploymentPostprocessing = 0;
		};
/* End PBXSourcesBuildPhase section */

/* Begin PBXVariantGroup section */
		9633E5171E6F316E0061A61B /* Main.storyboard */ = {
			isa = PBXVariantGroup;
			children = (
				9633E5181E6F316E0061A61B /* Base */,
			);
			name = Main.storyboard;
			sourceTree = "<group>";
		};
		9633E51C1E6F316E0061A61B /* LaunchScreen.storyboard */ = {
			isa = PBXVariantGroup;
			children = (
				9633E51D1E6F316E0061A61B /* Base */,
			);
			name = LaunchScreen.storyboard;
			sourceTree = "<group>";
		};
/* End PBXVariantGroup section */

/* Begin XCBuildConfiguration section */
		9633E5201E6F316E0061A61B /* Debug */ = {
			isa = XCBuildConfiguration;
			buildSettings = {
				ALWAYS_SEARCH_USER_PATHS = NO;
				CLANG_ANALYZER_NONNULL = YES;
				CLANG_CXX_LANGUAGE_STANDARD = "gnu++0x";
				CLANG_CXX_LIBRARY = "libc++";
				CLANG_ENABLE_MODULES = YES;
				CLANG_ENABLE_OBJC_ARC = YES;
				CLANG_WARN_BOOL_CONVERSION = YES;
				CLANG_WARN_CONSTANT_CONVERSION = YES;
				CLANG_WARN_DIRECT_OBJC_ISA_USAGE = YES_ERROR;
				CLANG_WARN_DOCUMENTATION_COMMENTS = YES;
				CLANG_WARN_EMPTY_BODY = YES;
				CLANG_WARN_ENUM_CONVERSION = YES;
				CLANG_WARN_INFINITE_RECURSION = YES;
				CLANG_WARN_INT_CONVERSION = YES;
				CLANG_WARN_OBJC_ROOT_CLASS = YES_ERROR;
				CLANG_WARN_SUSPICIOUS_MOVE = YES;
				CLANG_WARN_UNREACHABLE_CODE = YES;
				CLANG_WARN__DUPLICATE_METHOD_MATCH = YES;
				"CODE_SIGN_IDENTITY[sdk=iphoneos*]" = "iPhone Developer";
				COPY_PHASE_STRIP = NO;
				DEBUG_INFORMATION_FORMAT = dwarf;
				ENABLE_STRICT_OBJC_MSGSEND = YES;
				ENABLE_TESTABILITY = YES;
				GCC_C_LANGUAGE_STANDARD = gnu99;
				GCC_DYNAMIC_NO_PIC = NO;
				GCC_NO_COMMON_BLOCKS = YES;
				GCC_OPTIMIZATION_LEVEL = 0;
				GCC_PREPROCESSOR_DEFINITIONS = (
					"DEBUG=1",
					"$(inherited)",
				);
				GCC_WARN_64_TO_32_BIT_CONVERSION = YES;
				GCC_WARN_ABOUT_RETURN_TYPE = YES_ERROR;
				GCC_WARN_UNDECLARED_SELECTOR = YES;
				GCC_WARN_UNINITIALIZED_AUTOS = YES_AGGRESSIVE;
				GCC_WARN_UNUSED_FUNCTION = YES;
				GCC_WARN_UNUSED_VARIABLE = YES;
				IPHONEOS_DEPLOYMENT_TARGET = 10.2;
				MTL_ENABLE_DEBUG_INFO = YES;
				ONLY_ACTIVE_ARCH = YES;
				SDKROOT = iphoneos;
				SWIFT_ACTIVE_COMPILATION_CONDITIONS = DEBUG;
				SWIFT_OPTIMIZATION_LEVEL = "-Onone";
				TARGETED_DEVICE_FAMILY = "1,2";
			};
			name = Debug;
		};
		9633E5211E6F316E0061A61B /* Release */ = {
			isa = XCBuildConfiguration;
			buildSettings = {
				ALWAYS_SEARCH_USER_PATHS = NO;
				CLANG_ANALYZER_NONNULL = YES;
				CLANG_CXX_LANGUAGE_STANDARD = "gnu++0x";
				CLANG_CXX_LIBRARY = "libc++";
				CLANG_ENABLE_MODULES = YES;
				CLANG_ENABLE_OBJC_ARC = YES;
				CLANG_WARN_BOOL_CONVERSION = YES;
				CLANG_WARN_CONSTANT_CONVERSION = YES;
				CLANG_WARN_DIRECT_OBJC_ISA_USAGE = YES_ERROR;
				CLANG_WARN_DOCUMENTATION_COMMENTS = YES;
				CLANG_WARN_EMPTY_BODY = YES;
				CLANG_WARN_ENUM_CONVERSION = YES;
				CLANG_WARN_INFINITE_RECURSION = YES;
				CLANG_WARN_INT_CONVERSION = YES;
				CLANG_WARN_OBJC_ROOT_CLASS = YES_ERROR;
				CLANG_WARN_SUSPICIOUS_MOVE = YES;
				CLANG_WARN_UNREACHABLE_CODE = YES;
				CLANG_WARN__DUPLICATE_METHOD_MATCH = YES;
				"CODE_SIGN_IDENTITY[sdk=iphoneos*]" = "iPhone Developer";
				COPY_PHASE_STRIP = NO;
				DEBUG_INFORMATION_FORMAT = "dwarf-with-dsym";
				ENABLE_NS_ASSERTIONS = NO;
				ENABLE_STRICT_OBJC_MSGSEND = YES;
				GCC_C_LANGUAGE_STANDARD = gnu99;
				GCC_NO_COMMON_BLOCKS = YES;
				GCC_WARN_64_TO_32_BIT_CONVERSION = YES;
				GCC_WARN_ABOUT_RETURN_TYPE = YES_ERROR;
				GCC_WARN_UNDECLARED_SELECTOR = YES;
				GCC_WARN_UNINITIALIZED_AUTOS = YES_AGGRESSIVE;
				GCC_WARN_UNUSED_FUNCTION = YES;
				GCC_WARN_UNUSED_VARIABLE = YES;
				IPHONEOS_DEPLOYMENT_TARGET = 10.2;
				MTL_ENABLE_DEBUG_INFO = NO;
				SDKROOT = iphoneos;
				SWIFT_OPTIMIZATION_LEVEL = "-Owholemodule";
				TARGETED_DEVICE_FAMILY = "1,2";
				VALIDATE_PRODUCT = YES;
			};
			name = Release;
		};
		9633E5231E6F316E0061A61B /* Debug */ = {
			isa = XCBuildConfiguration;
			buildSettings = {
				ASSETCATALOG_COMPILER_APPICON_NAME = AppIcon;
				INFOPLIST_FILE = "Emoji Dictionary/Info.plist";
				LD_RUNPATH_SEARCH_PATHS = "$(inherited) @executable_path/Frameworks";
				PRODUCT_BUNDLE_IDENTIFIER = "com.beautifulanomaly.Emoji-Dictionary";
				PRODUCT_NAME = "$(TARGET_NAME)";
				SWIFT_VERSION = 3.0;
			};
			name = Debug;
		};
		9633E5241E6F316E0061A61B /* Release */ = {
			isa = XCBuildConfiguration;
			buildSettings = {
				ASSETCATALOG_COMPILER_APPICON_NAME = AppIcon;
				INFOPLIST_FILE = "Emoji Dictionary/Info.plist";
				LD_RUNPATH_SEARCH_PATHS = "$(inherited) @executable_path/Frameworks";
				PRODUCT_BUNDLE_IDENTIFIER = "com.beautifulanomaly.Emoji-Dictionary";
				PRODUCT_NAME = "$(TARGET_NAME)";
				SWIFT_VERSION = 3.0;
			};
			name = Release;
		};
/* End XCBuildConfiguration section */

/* Begin XCConfigurationList section */
		9633E50B1E6F316E0061A61B /* Build configuration list for PBXProject "Emoji Dictionary" */ = {
			isa = XCConfigurationList;
			buildConfigurations = (
				9633E5201E6F316E0061A61B /* Debug */,
				9633E5211E6F316E0061A61B /* Release */,
			);
			defaultConfigurationIsVisible = 0;
			defaultConfigurationName = Release;
		};
		9633E5221E6F316E0061A61B /* Build configuration list for PBXNativeTarget "Emoji Dictionary" */ = {
			isa = XCConfigurationList;
			buildConfigurations = (
				9633E5231E6F316E0061A61B /* Debug */,
				9633E5241E6F316E0061A61B /* Release */,
			);
			defaultConfigurationIsVisible = 0;
			defaultConfigurationName = Release;
		};
/* End XCConfigurationList section */
	};
	rootObject = 9633E5081E6F316E0061A61B /* Project object */;
}
